
Microsoft Visual Studio Solution File, Format Version 12.00
# Visual Studio 15
VisualStudioVersion = 15.0.27428.2002
MinimumVisualStudioVersion = 10.0.40219.1
Project("{FAE04EC0-301F-11D3-BF4B-00C04F79EFBC}") = "consecutiveArray", "consecutiveArray\consecutiveArray.csproj", "{34D0BCB7-455F-47F2-A4E9-7450AB7E1761}"
EndProject
Global
	GlobalSection(SolutionConfigurationPlatforms) = preSolution
		Debug|Any CPU = Debug|Any CPU
		Release|Any CPU = Release|Any CPU
	EndGlobalSection
	GlobalSection(ProjectConfigurationPlatforms) = postSolution
		{34D0BCB7-455F-47F2-A4E9-7450AB7E1761}.Debug|Any CPU.ActiveCfg = Debug|Any CPU
		{34D0BCB7-455F-47F2-A4E9-7450AB7E1761}.Debug|Any CPU.Build.0 = Debug|Any CPU
		{34D0BCB7-455F-47F2-A4E9-7450AB7E1761}.Release|Any CPU.ActiveCfg = Release|Any CPU
		{34D0BCB7-455F-47F2-A4E9-7450AB7E1761}.Release|Any CPU.Build.0 = Release|Any CPU
	EndGlobalSection
	GlobalSection(SolutionProperties) = preSolution
		HideSolutionNode = FALSE
	EndGlobalSection
	GlobalSection(ExtensibilityGlobals) = postSolution
		SolutionGuid = {84EF907F-43E0-4F1E-93CE-15B464EF0B19}
	EndGlobalSection
EndGlobal
