
Microsoft Visual Studio Solution File, Format Version 12.00
# Visual Studio 15
VisualStudioVersion = 15.0.27428.2002
MinimumVisualStudioVersion = 10.0.40219.1
Project("{FAE04EC0-301F-11D3-BF4B-00C04F79EFBC}") = "PalindromeNum", "PalindromeNum\PalindromeNum.csproj", "{71DC9907-DEAC-4405-BD91-8587C6C30C0C}"
EndProject
Global
	GlobalSection(SolutionConfigurationPlatforms) = preSolution
		Debug|Any CPU = Debug|Any CPU
		Release|Any CPU = Release|Any CPU
	EndGlobalSection
	GlobalSection(ProjectConfigurationPlatforms) = postSolution
		{71DC9907-DEAC-4405-BD91-8587C6C30C0C}.Debug|Any CPU.ActiveCfg = Debug|Any CPU
		{71DC9907-DEAC-4405-BD91-8587C6C30C0C}.Debug|Any CPU.Build.0 = Debug|Any CPU
		{71DC9907-DEAC-4405-BD91-8587C6C30C0C}.Release|Any CPU.ActiveCfg = Release|Any CPU
		{71DC9907-DEAC-4405-BD91-8587C6C30C0C}.Release|Any CPU.Build.0 = Release|Any CPU
	EndGlobalSection
	GlobalSection(SolutionProperties) = preSolution
		HideSolutionNode = FALSE
	EndGlobalSection
	GlobalSection(ExtensibilityGlobals) = postSolution
		SolutionGuid = {06084907-4FAA-42FC-8CEF-A5B9B4B9E3BF}
	EndGlobalSection
EndGlobal
