
Microsoft Visual Studio Solution File, Format Version 12.00
# Visual Studio 15
VisualStudioVersion = 15.0.27428.2002
MinimumVisualStudioVersion = 10.0.40219.1
Project("{FAE04EC0-301F-11D3-BF4B-00C04F79EFBC}") = "2NumMaximumProduct", "2NumMaximumProduct\2NumMaximumProduct.csproj", "{55EC1ED0-4798-4D7D-9972-67D9AA51F950}"
EndProject
Global
	GlobalSection(SolutionConfigurationPlatforms) = preSolution
		Debug|Any CPU = Debug|Any CPU
		Release|Any CPU = Release|Any CPU
	EndGlobalSection
	GlobalSection(ProjectConfigurationPlatforms) = postSolution
		{55EC1ED0-4798-4D7D-9972-67D9AA51F950}.Debug|Any CPU.ActiveCfg = Debug|Any CPU
		{55EC1ED0-4798-4D7D-9972-67D9AA51F950}.Debug|Any CPU.Build.0 = Debug|Any CPU
		{55EC1ED0-4798-4D7D-9972-67D9AA51F950}.Release|Any CPU.ActiveCfg = Release|Any CPU
		{55EC1ED0-4798-4D7D-9972-67D9AA51F950}.Release|Any CPU.Build.0 = Release|Any CPU
	EndGlobalSection
	GlobalSection(SolutionProperties) = preSolution
		HideSolutionNode = FALSE
	EndGlobalSection
	GlobalSection(ExtensibilityGlobals) = postSolution
		SolutionGuid = {E4C210A9-DE91-45AE-B996-78B5A141C20A}
	EndGlobalSection
EndGlobal
